// !$*UTF8*$!
{
	archiveVersion = 1;
	classes = {
	};
	objectVersion = 55;
	objects = {

/* Begin PBXBuildFile section */
		0F4421C02951187A00E1DE49 /* AuthViewModel.swift in Sources */ = {isa = PBXBuildFile; fileRef = 0F4421BF2951187A00E1DE49 /* AuthViewModel.swift */; };
		0F4421CE2952127100E1DE49 /* CreateAccountView.swift in Sources */ = {isa = PBXBuildFile; fileRef = 0F4421CD2952127100E1DE49 /* CreateAccountView.swift */; };
		0F4421D0295214A300E1DE49 /* CustomTextField.swift in Sources */ = {isa = PBXBuildFile; fileRef = 0F4421CF295214A300E1DE49 /* CustomTextField.swift */; };
		0F4421D3295214E100E1DE49 /* PersonImage.swift in Sources */ = {isa = PBXBuildFile; fileRef = 0F4421D2295214E100E1DE49 /* PersonImage.swift */; };
		0F4421D52952152200E1DE49 /* ImageUploadView.swift in Sources */ = {isa = PBXBuildFile; fileRef = 0F4421D42952152200E1DE49 /* ImageUploadView.swift */; };
		0F4421D72952155B00E1DE49 /* UploadImagesView.swift in Sources */ = {isa = PBXBuildFile; fileRef = 0F4421D62952155B00E1DE49 /* UploadImagesView.swift */; };
		0F4421DB29521F2300E1DE49 /* ImagePicker.swift in Sources */ = {isa = PBXBuildFile; fileRef = 0F4421DA29521F2300E1DE49 /* ImagePicker.swift */; };
		0F4421DE295251FE00E1DE49 /* StorageManager.swift in Sources */ = {isa = PBXBuildFile; fileRef = 0F4421DD295251FE00E1DE49 /* StorageManager.swift */; };
		0F5244F5293413DA00B7A6DD /* TSUDateApp.swift in Sources */ = {isa = PBXBuildFile; fileRef = 0F5244F4293413DA00B7A6DD /* TSUDateApp.swift */; };
		0F5244F7293413DA00B7A6DD /* ContentView.swift in Sources */ = {isa = PBXBuildFile; fileRef = 0F5244F6293413DA00B7A6DD /* ContentView.swift */; };
		0F5244F9293413DD00B7A6DD /* Assets.xcassets in Resources */ = {isa = PBXBuildFile; fileRef = 0F5244F8293413DD00B7A6DD /* Assets.xcassets */; };
		0F5244FC293413DD00B7A6DD /* Preview Assets.xcassets in Resources */ = {isa = PBXBuildFile; fileRef = 0F5244FB293413DD00B7A6DD /* Preview Assets.xcassets */; };
		0F5245052934164400B7A6DD /* TabBarButtonView.swift in Sources */ = {isa = PBXBuildFile; fileRef = 0F5245042934164400B7A6DD /* TabBarButtonView.swift */; };
		0F52450729341C0600B7A6DD /* AppStateManager.swift in Sources */ = {isa = PBXBuildFile; fileRef = 0F52450629341C0600B7A6DD /* AppStateManager.swift */; };
		0F52450929341CCD00B7A6DD /* MainView.swift in Sources */ = {isa = PBXBuildFile; fileRef = 0F52450829341CCD00B7A6DD /* MainView.swift */; };
		0F52450B29341EEC00B7A6DD /* Extensions.swift in Sources */ = {isa = PBXBuildFile; fileRef = 0F52450A29341EEC00B7A6DD /* Extensions.swift */; };
		0F52450E293536C400B7A6DD /* ProfileView.swift in Sources */ = {isa = PBXBuildFile; fileRef = 0F52450D293536C400B7A6DD /* ProfileView.swift */; };
		0F5245102935382D00B7A6DD /* RoundedImage.swift in Sources */ = {isa = PBXBuildFile; fileRef = 0F52450F2935382D00B7A6DD /* RoundedImage.swift */; };
		0F5245132935394300B7A6DD /* Kingfisher in Frameworks */ = {isa = PBXBuildFile; productRef = 0F5245122935394300B7A6DD /* Kingfisher */; };
		0F58379B293641FB00FD18B7 /* ProfileSwipePromo.swift in Sources */ = {isa = PBXBuildFile; fileRef = 0F58379A293641FB00FD18B7 /* ProfileSwipePromo.swift */; };
		0F58379D29364BAB00FD18B7 /* Message.swift in Sources */ = {isa = PBXBuildFile; fileRef = 0F58379C29364BAB00FD18B7 /* Message.swift */; };
		0F58379F29364C2E00FD18B7 /* Person.swift in Sources */ = {isa = PBXBuildFile; fileRef = 0F58379E29364C2E00FD18B7 /* Person.swift */; };
		0F5837A129364CAC00FD18B7 /* MessageThread.swift in Sources */ = {isa = PBXBuildFile; fileRef = 0F5837A029364CAC00FD18B7 /* MessageThread.swift */; };
		0F5837A329364D5B00FD18B7 /* MessageView.swift in Sources */ = {isa = PBXBuildFile; fileRef = 0F5837A229364D5B00FD18B7 /* MessageView.swift */; };
		0F5837A62936992000FD18B7 /* ChatView.swift in Sources */ = {isa = PBXBuildFile; fileRef = 0F5837A52936992000FD18B7 /* ChatView.swift */; };
		0F5837A82936999400FD18B7 /* ChatManager.swift in Sources */ = {isa = PBXBuildFile; fileRef = 0F5837A72936999400FD18B7 /* ChatManager.swift */; };
		0F5837AA29369C3300FD18B7 /* ChatViewHeader.swift in Sources */ = {isa = PBXBuildFile; fileRef = 0F5837A929369C3300FD18B7 /* ChatViewHeader.swift */; };
		0F71AFBC294D23CF00C96A8A /* EmailTextfieldView.swift in Sources */ = {isa = PBXBuildFile; fileRef = 0F71AFBB294D23CF00C96A8A /* EmailTextfieldView.swift */; };
		0F71AFBE294D23FD00C96A8A /* RegisterLogButton.swift in Sources */ = {isa = PBXBuildFile; fileRef = 0F71AFBD294D23FD00C96A8A /* RegisterLogButton.swift */; };
		0F71AFC2294D248D00C96A8A /* LoginView.swift in Sources */ = {isa = PBXBuildFile; fileRef = 0F71AFC1294D248D00C96A8A /* LoginView.swift */; };
		0F71AFC4294D24A300C96A8A /* RegisterView.swift in Sources */ = {isa = PBXBuildFile; fileRef = 0F71AFC3294D24A300C96A8A /* RegisterView.swift */; };
		0F7AFC182954936D00F556DD /* FirestoreManager.swift in Sources */ = {isa = PBXBuildFile; fileRef = 0F7AFC172954936D00F556DD /* FirestoreManager.swift */; };
		0F905589293A775B00D17BAB /* AdaptsToKeyboard.swift in Sources */ = {isa = PBXBuildFile; fileRef = 0F905588293A775B00D17BAB /* AdaptsToKeyboard.swift */; };
		0F90558B293BCB9A00D17BAB /* MessageListView.swift in Sources */ = {isa = PBXBuildFile; fileRef = 0F90558A293BCB9A00D17BAB /* MessageListView.swift */; };
		0F90558D293BCBC800D17BAB /* MessageListVM.swift in Sources */ = {isa = PBXBuildFile; fileRef = 0F90558C293BCBC800D17BAB /* MessageListVM.swift */; };
		0F90558F293BD2EC00D17BAB /* MessageRowView.swift in Sources */ = {isa = PBXBuildFile; fileRef = 0F90558E293BD2EC00D17BAB /* MessageRowView.swift */; };
		0F905591293BF3AD00D17BAB /* UserManager.swift in Sources */ = {isa = PBXBuildFile; fileRef = 0F905590293BF3AD00D17BAB /* UserManager.swift */; };
		0F905593293BF42A00D17BAB /* User.swift in Sources */ = {isa = PBXBuildFile; fileRef = 0F905592293BF42A00D17BAB /* User.swift */; };
		0F905595293BF5FB00D17BAB /* LikesView.swift in Sources */ = {isa = PBXBuildFile; fileRef = 0F905594293BF5FB00D17BAB /* LikesView.swift */; };
		0F905598293BFA2300D17BAB /* PersonSquare.swift in Sources */ = {isa = PBXBuildFile; fileRef = 0F905597293BFA2300D17BAB /* PersonSquare.swift */; };
		0F90559A293C07E600D17BAB /* TopPicksView.swift in Sources */ = {isa = PBXBuildFile; fileRef = 0F905599293C07E600D17BAB /* TopPicksView.swift */; };
		0F90559C293C08CF00D17BAB /* MatchesView.swift in Sources */ = {isa = PBXBuildFile; fileRef = 0F90559B293C08CF00D17BAB /* MatchesView.swift */; };
		0F90559E293CC94100D17BAB /* PurchasePopup.swift in Sources */ = {isa = PBXBuildFile; fileRef = 0F90559D293CC94100D17BAB /* PurchasePopup.swift */; };
		0F9055A1293CF51B00D17BAB /* PurchaseSwipePromo.swift in Sources */ = {isa = PBXBuildFile; fileRef = 0F9055A0293CF51B00D17BAB /* PurchaseSwipePromo.swift */; };
		0F9055A4293CF7B500D17BAB /* PurchaseOptionView.swift in Sources */ = {isa = PBXBuildFile; fileRef = 0F9055A3293CF7B500D17BAB /* PurchaseOptionView.swift */; };
		0F9055A6293CF80000D17BAB /* Subscription.swift in Sources */ = {isa = PBXBuildFile; fileRef = 0F9055A5293CF80000D17BAB /* Subscription.swift */; };
		0F9055A8293D2BDE00D17BAB /* RoundedCorner.swift in Sources */ = {isa = PBXBuildFile; fileRef = 0F9055A7293D2BDE00D17BAB /* RoundedCorner.swift */; };
		0F9055AB293D53D300D17BAB /* CardImageScroller.swift in Sources */ = {isa = PBXBuildFile; fileRef = 0F9055AA293D53D300D17BAB /* CardImageScroller.swift */; };
		0F9055AF293E12C000D17BAB /* CardView.swift in Sources */ = {isa = PBXBuildFile; fileRef = 0F9055AE293E12C000D17BAB /* CardView.swift */; };
		0F9055B1293E217600D17BAB /* FullScreenCardView.swift in Sources */ = {isa = PBXBuildFile; fileRef = 0F9055B0293E217600D17BAB /* FullScreenCardView.swift */; };
		0F9055B3293F5C5000D17BAB /* CircleButtonView.swift in Sources */ = {isa = PBXBuildFile; fileRef = 0F9055B2293F5C5000D17BAB /* CircleButtonView.swift */; };
		0F9055B5293FD42700D17BAB /* CardStack.swift in Sources */ = {isa = PBXBuildFile; fileRef = 0F9055B4293FD42700D17BAB /* CardStack.swift */; };
		0F9055B7293FD59C00D17BAB /* HomeView.swift in Sources */ = {isa = PBXBuildFile; fileRef = 0F9055B6293FD59C00D17BAB /* HomeView.swift */; };
		0FEB8F68294D14E7006C7D47 /* GoogleService-Info.plist in Resources */ = {isa = PBXBuildFile; fileRef = 0FEB8F67294D14E7006C7D47 /* GoogleService-Info.plist */; };
		F44B8F225E42548FAE060E98 /* Pods_TSUDate.framework in Frameworks */ = {isa = PBXBuildFile; fileRef = D38671C9742A4ACC2C8EA741 /* Pods_TSUDate.framework */; };
/* End PBXBuildFile section */

/* Begin PBXFileReference section */
		0F4421BF2951187A00E1DE49 /* AuthViewModel.swift */ = {isa = PBXFileReference; lastKnownFileType = sourcecode.swift; path = AuthViewModel.swift; sourceTree = "<group>"; };
		0F4421CD2952127100E1DE49 /* CreateAccountView.swift */ = {isa = PBXFileReference; lastKnownFileType = sourcecode.swift; path = CreateAccountView.swift; sourceTree = "<group>"; };
		0F4421CF295214A300E1DE49 /* CustomTextField.swift */ = {isa = PBXFileReference; lastKnownFileType = sourcecode.swift; path = CustomTextField.swift; sourceTree = "<group>"; };
		0F4421D2295214E100E1DE49 /* PersonImage.swift */ = {isa = PBXFileReference; lastKnownFileType = sourcecode.swift; path = PersonImage.swift; sourceTree = "<group>"; };
		0F4421D42952152200E1DE49 /* ImageUploadView.swift */ = {isa = PBXFileReference; lastKnownFileType = sourcecode.swift; path = ImageUploadView.swift; sourceTree = "<group>"; };
		0F4421D62952155B00E1DE49 /* UploadImagesView.swift */ = {isa = PBXFileReference; lastKnownFileType = sourcecode.swift; path = UploadImagesView.swift; sourceTree = "<group>"; };
		0F4421DA29521F2300E1DE49 /* ImagePicker.swift */ = {isa = PBXFileReference; lastKnownFileType = sourcecode.swift; path = ImagePicker.swift; sourceTree = "<group>"; };
		0F4421DD295251FE00E1DE49 /* StorageManager.swift */ = {isa = PBXFileReference; lastKnownFileType = sourcecode.swift; path = StorageManager.swift; sourceTree = "<group>"; };
		0F5244F1293413DA00B7A6DD /* TSUDate.app */ = {isa = PBXFileReference; explicitFileType = wrapper.application; includeInIndex = 0; path = TSUDate.app; sourceTree = BUILT_PRODUCTS_DIR; };
		0F5244F4293413DA00B7A6DD /* TSUDateApp.swift */ = {isa = PBXFileReference; lastKnownFileType = sourcecode.swift; path = TSUDateApp.swift; sourceTree = "<group>"; };
		0F5244F6293413DA00B7A6DD /* ContentView.swift */ = {isa = PBXFileReference; lastKnownFileType = sourcecode.swift; path = ContentView.swift; sourceTree = "<group>"; };
		0F5244F8293413DD00B7A6DD /* Assets.xcassets */ = {isa = PBXFileReference; lastKnownFileType = folder.assetcatalog; path = Assets.xcassets; sourceTree = "<group>"; };
		0F5244FB293413DD00B7A6DD /* Preview Assets.xcassets */ = {isa = PBXFileReference; lastKnownFileType = folder.assetcatalog; path = "Preview Assets.xcassets"; sourceTree = "<group>"; };
		0F5245042934164400B7A6DD /* TabBarButtonView.swift */ = {isa = PBXFileReference; lastKnownFileType = sourcecode.swift; path = TabBarButtonView.swift; sourceTree = "<group>"; };
		0F52450629341C0600B7A6DD /* AppStateManager.swift */ = {isa = PBXFileReference; lastKnownFileType = sourcecode.swift; path = AppStateManager.swift; sourceTree = "<group>"; };
		0F52450829341CCD00B7A6DD /* MainView.swift */ = {isa = PBXFileReference; lastKnownFileType = sourcecode.swift; path = MainView.swift; sourceTree = "<group>"; };
		0F52450A29341EEC00B7A6DD /* Extensions.swift */ = {isa = PBXFileReference; lastKnownFileType = sourcecode.swift; path = Extensions.swift; sourceTree = "<group>"; };
		0F52450D293536C400B7A6DD /* ProfileView.swift */ = {isa = PBXFileReference; lastKnownFileType = sourcecode.swift; path = ProfileView.swift; sourceTree = "<group>"; };
		0F52450F2935382D00B7A6DD /* RoundedImage.swift */ = {isa = PBXFileReference; lastKnownFileType = sourcecode.swift; path = RoundedImage.swift; sourceTree = "<group>"; };
		0F58379A293641FB00FD18B7 /* ProfileSwipePromo.swift */ = {isa = PBXFileReference; lastKnownFileType = sourcecode.swift; path = ProfileSwipePromo.swift; sourceTree = "<group>"; };
		0F58379C29364BAB00FD18B7 /* Message.swift */ = {isa = PBXFileReference; lastKnownFileType = sourcecode.swift; path = Message.swift; sourceTree = "<group>"; };
		0F58379E29364C2E00FD18B7 /* Person.swift */ = {isa = PBXFileReference; lastKnownFileType = sourcecode.swift; path = Person.swift; sourceTree = "<group>"; };
		0F5837A029364CAC00FD18B7 /* MessageThread.swift */ = {isa = PBXFileReference; lastKnownFileType = sourcecode.swift; path = MessageThread.swift; sourceTree = "<group>"; };
		0F5837A229364D5B00FD18B7 /* MessageView.swift */ = {isa = PBXFileReference; lastKnownFileType = sourcecode.swift; path = MessageView.swift; sourceTree = "<group>"; };
		0F5837A52936992000FD18B7 /* ChatView.swift */ = {isa = PBXFileReference; lastKnownFileType = sourcecode.swift; path = ChatView.swift; sourceTree = "<group>"; };
		0F5837A72936999400FD18B7 /* ChatManager.swift */ = {isa = PBXFileReference; lastKnownFileType = sourcecode.swift; path = ChatManager.swift; sourceTree = "<group>"; };
		0F5837A929369C3300FD18B7 /* ChatViewHeader.swift */ = {isa = PBXFileReference; lastKnownFileType = sourcecode.swift; path = ChatViewHeader.swift; sourceTree = "<group>"; };
		0F71AFBB294D23CF00C96A8A /* EmailTextfieldView.swift */ = {isa = PBXFileReference; fileEncoding = 4; lastKnownFileType = sourcecode.swift; path = EmailTextfieldView.swift; sourceTree = "<group>"; };
		0F71AFBD294D23FD00C96A8A /* RegisterLogButton.swift */ = {isa = PBXFileReference; fileEncoding = 4; lastKnownFileType = sourcecode.swift; path = RegisterLogButton.swift; sourceTree = "<group>"; };
		0F71AFC1294D248D00C96A8A /* LoginView.swift */ = {isa = PBXFileReference; lastKnownFileType = sourcecode.swift; path = LoginView.swift; sourceTree = "<group>"; };
		0F71AFC3294D24A300C96A8A /* RegisterView.swift */ = {isa = PBXFileReference; lastKnownFileType = sourcecode.swift; path = RegisterView.swift; sourceTree = "<group>"; };
		0F7AFC172954936D00F556DD /* FirestoreManager.swift */ = {isa = PBXFileReference; lastKnownFileType = sourcecode.swift; path = FirestoreManager.swift; sourceTree = "<group>"; };
		0F905588293A775B00D17BAB /* AdaptsToKeyboard.swift */ = {isa = PBXFileReference; lastKnownFileType = sourcecode.swift; path = AdaptsToKeyboard.swift; sourceTree = "<group>"; };
		0F90558A293BCB9A00D17BAB /* MessageListView.swift */ = {isa = PBXFileReference; lastKnownFileType = sourcecode.swift; path = MessageListView.swift; sourceTree = "<group>"; };
		0F90558C293BCBC800D17BAB /* MessageListVM.swift */ = {isa = PBXFileReference; lastKnownFileType = sourcecode.swift; path = MessageListVM.swift; sourceTree = "<group>"; };
		0F90558E293BD2EC00D17BAB /* MessageRowView.swift */ = {isa = PBXFileReference; lastKnownFileType = sourcecode.swift; path = MessageRowView.swift; sourceTree = "<group>"; };
		0F905590293BF3AD00D17BAB /* UserManager.swift */ = {isa = PBXFileReference; lastKnownFileType = sourcecode.swift; path = UserManager.swift; sourceTree = "<group>"; };
		0F905592293BF42A00D17BAB /* User.swift */ = {isa = PBXFileReference; lastKnownFileType = sourcecode.swift; path = User.swift; sourceTree = "<group>"; };
		0F905594293BF5FB00D17BAB /* LikesView.swift */ = {isa = PBXFileReference; lastKnownFileType = sourcecode.swift; path = LikesView.swift; sourceTree = "<group>"; };
		0F905597293BFA2300D17BAB /* PersonSquare.swift */ = {isa = PBXFileReference; lastKnownFileType = sourcecode.swift; path = PersonSquare.swift; sourceTree = "<group>"; };
		0F905599293C07E600D17BAB /* TopPicksView.swift */ = {isa = PBXFileReference; lastKnownFileType = sourcecode.swift; path = TopPicksView.swift; sourceTree = "<group>"; };
		0F90559B293C08CF00D17BAB /* MatchesView.swift */ = {isa = PBXFileReference; lastKnownFileType = sourcecode.swift; path = MatchesView.swift; sourceTree = "<group>"; };
		0F90559D293CC94100D17BAB /* PurchasePopup.swift */ = {isa = PBXFileReference; lastKnownFileType = sourcecode.swift; path = PurchasePopup.swift; sourceTree = "<group>"; };
		0F9055A0293CF51B00D17BAB /* PurchaseSwipePromo.swift */ = {isa = PBXFileReference; lastKnownFileType = sourcecode.swift; path = PurchaseSwipePromo.swift; sourceTree = "<group>"; };
		0F9055A3293CF7B500D17BAB /* PurchaseOptionView.swift */ = {isa = PBXFileReference; lastKnownFileType = sourcecode.swift; path = PurchaseOptionView.swift; sourceTree = "<group>"; };
		0F9055A5293CF80000D17BAB /* Subscription.swift */ = {isa = PBXFileReference; lastKnownFileType = sourcecode.swift; path = Subscription.swift; sourceTree = "<group>"; };
		0F9055A7293D2BDE00D17BAB /* RoundedCorner.swift */ = {isa = PBXFileReference; lastKnownFileType = sourcecode.swift; path = RoundedCorner.swift; sourceTree = "<group>"; };
		0F9055AA293D53D300D17BAB /* CardImageScroller.swift */ = {isa = PBXFileReference; lastKnownFileType = sourcecode.swift; path = CardImageScroller.swift; sourceTree = "<group>"; };
		0F9055AE293E12C000D17BAB /* CardView.swift */ = {isa = PBXFileReference; lastKnownFileType = sourcecode.swift; path = CardView.swift; sourceTree = "<group>"; };
		0F9055B0293E217600D17BAB /* FullScreenCardView.swift */ = {isa = PBXFileReference; lastKnownFileType = sourcecode.swift; path = FullScreenCardView.swift; sourceTree = "<group>"; };
		0F9055B2293F5C5000D17BAB /* CircleButtonView.swift */ = {isa = PBXFileReference; lastKnownFileType = sourcecode.swift; path = CircleButtonView.swift; sourceTree = "<group>"; };
		0F9055B4293FD42700D17BAB /* CardStack.swift */ = {isa = PBXFileReference; lastKnownFileType = sourcecode.swift; path = CardStack.swift; sourceTree = "<group>"; };
		0F9055B6293FD59C00D17BAB /* HomeView.swift */ = {isa = PBXFileReference; lastKnownFileType = sourcecode.swift; path = HomeView.swift; sourceTree = "<group>"; };
		0FEB8F67294D14E7006C7D47 /* GoogleService-Info.plist */ = {isa = PBXFileReference; fileEncoding = 4; lastKnownFileType = text.plist.xml; path = "GoogleService-Info.plist"; sourceTree = "<group>"; };
		6FDC9FFE857C7A185761FDA4 /* Pods-TSUDate.release.xcconfig */ = {isa = PBXFileReference; includeInIndex = 1; lastKnownFileType = text.xcconfig; name = "Pods-TSUDate.release.xcconfig"; path = "Target Support Files/Pods-TSUDate/Pods-TSUDate.release.xcconfig"; sourceTree = "<group>"; };
		7089597617CB1310C6D01512 /* Pods-TSUDate.debug.xcconfig */ = {isa = PBXFileReference; includeInIndex = 1; lastKnownFileType = text.xcconfig; name = "Pods-TSUDate.debug.xcconfig"; path = "Target Support Files/Pods-TSUDate/Pods-TSUDate.debug.xcconfig"; sourceTree = "<group>"; };
		D38671C9742A4ACC2C8EA741 /* Pods_TSUDate.framework */ = {isa = PBXFileReference; explicitFileType = wrapper.framework; includeInIndex = 0; path = Pods_TSUDate.framework; sourceTree = BUILT_PRODUCTS_DIR; };
/* End PBXFileReference section */

/* Begin PBXFrameworksBuildPhase section */
		0F5244EE293413DA00B7A6DD /* Frameworks */ = {
			isa = PBXFrameworksBuildPhase;
			buildActionMask = 2147483647;
			files = (
				0F5245132935394300B7A6DD /* Kingfisher in Frameworks */,
				F44B8F225E42548FAE060E98 /* Pods_TSUDate.framework in Frameworks */,
			);
			runOnlyForDeploymentPostprocessing = 0;
		};
/* End PBXFrameworksBuildPhase section */

/* Begin PBXGroup section */
		0F4421D1295214CB00E1DE49 /* ImageUpload */ = {
			isa = PBXGroup;
			children = (
				0F4421D2295214E100E1DE49 /* PersonImage.swift */,
				0F4421D42952152200E1DE49 /* ImageUploadView.swift */,
				0F4421D62952155B00E1DE49 /* UploadImagesView.swift */,
				0F4421DA29521F2300E1DE49 /* ImagePicker.swift */,
			);
			path = ImageUpload;
			sourceTree = "<group>";
		};
		0F4421DC295251E500E1DE49 /* FirebaseStorage */ = {
			isa = PBXGroup;
			children = (
				0F4421DD295251FE00E1DE49 /* StorageManager.swift */,
			);
			path = FirebaseStorage;
			sourceTree = "<group>";
		};
		0F5244E8293413DA00B7A6DD = {
			isa = PBXGroup;
			children = (
				0FEB8F67294D14E7006C7D47 /* GoogleService-Info.plist */,
				0F5244F3293413DA00B7A6DD /* TSUDate */,
				0F5244F2293413DA00B7A6DD /* Products */,
				8E91D560263BB9476B72C6C2 /* Pods */,
				3C024A31C76E205FACCC4D27 /* Frameworks */,
			);
			sourceTree = "<group>";
		};
		0F5244F2293413DA00B7A6DD /* Products */ = {
			isa = PBXGroup;
			children = (
				0F5244F1293413DA00B7A6DD /* TSUDate.app */,
			);
			name = Products;
			sourceTree = "<group>";
		};
		0F5244F3293413DA00B7A6DD /* TSUDate */ = {
			isa = PBXGroup;
			children = (
				0F7AFC1A2954939000F556DD /* Firebase */,
				0FEB8F64294D1059006C7D47 /* CreateAccount */,
				0FEB8F63294D1050006C7D47 /* Login */,
				0F905596293BF60300D17BAB /* MatchesView */,
				0F52451429353A6E00B7A6DD /* HelperView */,
				0F52450C2935361700B7A6DD /* MainTabBar */,
				0F5837A429364D5F00FD18B7 /* Messages */,
				0F5245032934163400B7A6DD /* Models */,
				0F5245022934162D00B7A6DD /* Views */,
				0F5244F4293413DA00B7A6DD /* TSUDateApp.swift */,
				0F5244F6293413DA00B7A6DD /* ContentView.swift */,
				0F52450629341C0600B7A6DD /* AppStateManager.swift */,
				0F5244F8293413DD00B7A6DD /* Assets.xcassets */,
				0F5244FA293413DD00B7A6DD /* Preview Content */,
				0F9055A9293D2BEE00D17BAB /* Extensions */,
				0F905590293BF3AD00D17BAB /* UserManager.swift */,
				0F90559F293CC94600D17BAB /* Popups */,
				0F9055AD293D540200D17BAB /* Home */,
			);
			path = TSUDate;
			sourceTree = "<group>";
		};
		0F5244FA293413DD00B7A6DD /* Preview Content */ = {
			isa = PBXGroup;
			children = (
				0F5244FB293413DD00B7A6DD /* Preview Assets.xcassets */,
			);
			path = "Preview Content";
			sourceTree = "<group>";
		};
		0F5245022934162D00B7A6DD /* Views */ = {
			isa = PBXGroup;
			children = (
				0F52450D293536C400B7A6DD /* ProfileView.swift */,
				0F58379A293641FB00FD18B7 /* ProfileSwipePromo.swift */,
			);
			path = Views;
			sourceTree = "<group>";
		};
		0F5245032934163400B7A6DD /* Models */ = {
			isa = PBXGroup;
			children = (
				0F58379C29364BAB00FD18B7 /* Message.swift */,
				0F58379E29364C2E00FD18B7 /* Person.swift */,
				0F5837A029364CAC00FD18B7 /* MessageThread.swift */,
				0F905592293BF42A00D17BAB /* User.swift */,
				0F9055A5293CF80000D17BAB /* Subscription.swift */,
			);
			path = Models;
			sourceTree = "<group>";
		};
		0F52450C2935361700B7A6DD /* MainTabBar */ = {
			isa = PBXGroup;
			children = (
				0F5245042934164400B7A6DD /* TabBarButtonView.swift */,
				0F52450829341CCD00B7A6DD /* MainView.swift */,
			);
			path = MainTabBar;
			sourceTree = "<group>";
		};
		0F52451429353A6E00B7A6DD /* HelperView */ = {
			isa = PBXGroup;
			children = (
				0F52450F2935382D00B7A6DD /* RoundedImage.swift */,
				0F9055B2293F5C5000D17BAB /* CircleButtonView.swift */,
			);
			path = HelperView;
			sourceTree = "<group>";
		};
		0F5837A429364D5F00FD18B7 /* Messages */ = {
			isa = PBXGroup;
			children = (
				0F5837A229364D5B00FD18B7 /* MessageView.swift */,
				0F5837A52936992000FD18B7 /* ChatView.swift */,
				0F5837A72936999400FD18B7 /* ChatManager.swift */,
				0F5837A929369C3300FD18B7 /* ChatViewHeader.swift */,
				0F90558A293BCB9A00D17BAB /* MessageListView.swift */,
				0F90558C293BCBC800D17BAB /* MessageListVM.swift */,
				0F90558E293BD2EC00D17BAB /* MessageRowView.swift */,
			);
			path = Messages;
			sourceTree = "<group>";
		};
		0F71AFBA294D239A00C96A8A /* HelperViews */ = {
			isa = PBXGroup;
			children = (
				0F71AFBB294D23CF00C96A8A /* EmailTextfieldView.swift */,
				0F71AFBD294D23FD00C96A8A /* RegisterLogButton.swift */,
			);
			path = HelperViews;
			sourceTree = "<group>";
		};
		0F7AFC192954937C00F556DD /* FirebaseFirestore */ = {
			isa = PBXGroup;
			children = (
				0F7AFC172954936D00F556DD /* FirestoreManager.swift */,
			);
			path = FirebaseFirestore;
			sourceTree = "<group>";
		};
		0F7AFC1A2954939000F556DD /* Firebase */ = {
			isa = PBXGroup;
			children = (
				0F4421DC295251E500E1DE49 /* FirebaseStorage */,
				0F7AFC192954937C00F556DD /* FirebaseFirestore */,
			);
			path = Firebase;
			sourceTree = "<group>";
		};
		0F905596293BF60300D17BAB /* MatchesView */ = {
			isa = PBXGroup;
			children = (
				0F905594293BF5FB00D17BAB /* LikesView.swift */,
				0F905597293BFA2300D17BAB /* PersonSquare.swift */,
				0F905599293C07E600D17BAB /* TopPicksView.swift */,
				0F90559B293C08CF00D17BAB /* MatchesView.swift */,
			);
			path = MatchesView;
			sourceTree = "<group>";
		};
		0F90559F293CC94600D17BAB /* Popups */ = {
			isa = PBXGroup;
			children = (
				0F9055A2293CF52200D17BAB /* Purchase */,
			);
			path = Popups;
			sourceTree = "<group>";
		};
		0F9055A2293CF52200D17BAB /* Purchase */ = {
			isa = PBXGroup;
			children = (
				0F90559D293CC94100D17BAB /* PurchasePopup.swift */,
				0F9055A0293CF51B00D17BAB /* PurchaseSwipePromo.swift */,
				0F9055A3293CF7B500D17BAB /* PurchaseOptionView.swift */,
			);
			path = Purchase;
			sourceTree = "<group>";
		};
		0F9055A9293D2BEE00D17BAB /* Extensions */ = {
			isa = PBXGroup;
			children = (
				0F52450A29341EEC00B7A6DD /* Extensions.swift */,
				0F9055A7293D2BDE00D17BAB /* RoundedCorner.swift */,
				0F905588293A775B00D17BAB /* AdaptsToKeyboard.swift */,
			);
			path = Extensions;
			sourceTree = "<group>";
		};
		0F9055AC293D53EF00D17BAB /* CardView */ = {
			isa = PBXGroup;
			children = (
				0F9055AA293D53D300D17BAB /* CardImageScroller.swift */,
				0F9055AE293E12C000D17BAB /* CardView.swift */,
				0F9055B0293E217600D17BAB /* FullScreenCardView.swift */,
				0F9055B4293FD42700D17BAB /* CardStack.swift */,
			);
			path = CardView;
			sourceTree = "<group>";
		};
		0F9055AD293D540200D17BAB /* Home */ = {
			isa = PBXGroup;
			children = (
				0F9055AC293D53EF00D17BAB /* CardView */,
				0F9055B6293FD59C00D17BAB /* HomeView.swift */,
			);
			path = Home;
			sourceTree = "<group>";
		};
		0FEB8F63294D1050006C7D47 /* Login */ = {
			isa = PBXGroup;
			children = (
				0F71AFBA294D239A00C96A8A /* HelperViews */,
				0F71AFC1294D248D00C96A8A /* LoginView.swift */,
				0F71AFC3294D24A300C96A8A /* RegisterView.swift */,
				0F4421BF2951187A00E1DE49 /* AuthViewModel.swift */,
			);
			path = Login;
			sourceTree = "<group>";
		};
		0FEB8F64294D1059006C7D47 /* CreateAccount */ = {
			isa = PBXGroup;
			children = (
				0F4421D1295214CB00E1DE49 /* ImageUpload */,
				0F4421CD2952127100E1DE49 /* CreateAccountView.swift */,
				0F4421CF295214A300E1DE49 /* CustomTextField.swift */,
			);
			path = CreateAccount;
			sourceTree = "<group>";
		};
		3C024A31C76E205FACCC4D27 /* Frameworks */ = {
			isa = PBXGroup;
			children = (
				D38671C9742A4ACC2C8EA741 /* Pods_TSUDate.framework */,
			);
			name = Frameworks;
			sourceTree = "<group>";
		};
		8E91D560263BB9476B72C6C2 /* Pods */ = {
			isa = PBXGroup;
			children = (
				7089597617CB1310C6D01512 /* Pods-TSUDate.debug.xcconfig */,
				6FDC9FFE857C7A185761FDA4 /* Pods-TSUDate.release.xcconfig */,
			);
			path = Pods;
			sourceTree = "<group>";
		};
/* End PBXGroup section */

/* Begin PBXNativeTarget section */
		0F5244F0293413DA00B7A6DD /* TSUDate */ = {
			isa = PBXNativeTarget;
			buildConfigurationList = 0F5244FF293413DD00B7A6DD /* Build configuration list for PBXNativeTarget "TSUDate" */;
			buildPhases = (
				7CF241A886F4CEF1FE233767 /* [CP] Check Pods Manifest.lock */,
				0F5244ED293413DA00B7A6DD /* Sources */,
				0F5244EE293413DA00B7A6DD /* Frameworks */,
				0F5244EF293413DA00B7A6DD /* Resources */,
				A97815F3EECA683476D07193 /* [CP] Embed Pods Frameworks */,
			);
			buildRules = (
			);
			dependencies = (
			);
			name = TSUDate;
			packageProductDependencies = (
				0F5245122935394300B7A6DD /* Kingfisher */,
			);
			productName = TSUDate;
			productReference = 0F5244F1293413DA00B7A6DD /* TSUDate.app */;
			productType = "com.apple.product-type.application";
		};
/* End PBXNativeTarget section */

/* Begin PBXProject section */
		0F5244E9293413DA00B7A6DD /* Project object */ = {
			isa = PBXProject;
			attributes = {
				BuildIndependentTargetsInParallel = 1;
				LastSwiftUpdateCheck = 1340;
				LastUpgradeCheck = 1340;
				TargetAttributes = {
					0F5244F0293413DA00B7A6DD = {
						CreatedOnToolsVersion = 13.4.1;
					};
				};
			};
			buildConfigurationList = 0F5244EC293413DA00B7A6DD /* Build configuration list for PBXProject "TSUDate" */;
			compatibilityVersion = "Xcode 13.0";
			developmentRegion = en;
			hasScannedForEncodings = 0;
			knownRegions = (
				en,
				Base,
			);
			mainGroup = 0F5244E8293413DA00B7A6DD;
			packageReferences = (
				0F5245112935394300B7A6DD /* XCRemoteSwiftPackageReference "Kingfisher" */,
			);
			productRefGroup = 0F5244F2293413DA00B7A6DD /* Products */;
			projectDirPath = "";
			projectRoot = "";
			targets = (
				0F5244F0293413DA00B7A6DD /* TSUDate */,
			);
		};
/* End PBXProject section */

/* Begin PBXResourcesBuildPhase section */
		0F5244EF293413DA00B7A6DD /* Resources */ = {
			isa = PBXResourcesBuildPhase;
			buildActionMask = 2147483647;
			files = (
				0F5244FC293413DD00B7A6DD /* Preview Assets.xcassets in Resources */,
				0F5244F9293413DD00B7A6DD /* Assets.xcassets in Resources */,
				0FEB8F68294D14E7006C7D47 /* GoogleService-Info.plist in Resources */,
			);
			runOnlyForDeploymentPostprocessing = 0;
		};
/* End PBXResourcesBuildPhase section */

/* Begin PBXShellScriptBuildPhase section */
		7CF241A886F4CEF1FE233767 /* [CP] Check Pods Manifest.lock */ = {
			isa = PBXShellScriptBuildPhase;
			buildActionMask = 2147483647;
			files = (
			);
			inputFileListPaths = (
			);
			inputPaths = (
				"${PODS_PODFILE_DIR_PATH}/Podfile.lock",
				"${PODS_ROOT}/Manifest.lock",
			);
			name = "[CP] Check Pods Manifest.lock";
			outputFileListPaths = (
			);
			outputPaths = (
				"$(DERIVED_FILE_DIR)/Pods-TSUDate-checkManifestLockResult.txt",
			);
			runOnlyForDeploymentPostprocessing = 0;
			shellPath = /bin/sh;
			shellScript = "diff \"${PODS_PODFILE_DIR_PATH}/Podfile.lock\" \"${PODS_ROOT}/Manifest.lock\" > /dev/null\nif [ $? != 0 ] ; then\n    # print error to STDERR\n    echo \"error: The sandbox is not in sync with the Podfile.lock. Run 'pod install' or update your CocoaPods installation.\" >&2\n    exit 1\nfi\n# This output is used by Xcode 'outputs' to avoid re-running this script phase.\necho \"SUCCESS\" > \"${SCRIPT_OUTPUT_FILE_0}\"\n";
			showEnvVarsInLog = 0;
		};
		A97815F3EECA683476D07193 /* [CP] Embed Pods Frameworks */ = {
			isa = PBXShellScriptBuildPhase;
			buildActionMask = 2147483647;
			files = (
			);
			inputFileListPaths = (
				"${PODS_ROOT}/Target Support Files/Pods-TSUDate/Pods-TSUDate-frameworks-${CONFIGURATION}-input-files.xcfilelist",
			);
			name = "[CP] Embed Pods Frameworks";
			outputFileListPaths = (
				"${PODS_ROOT}/Target Support Files/Pods-TSUDate/Pods-TSUDate-frameworks-${CONFIGURATION}-output-files.xcfilelist",
			);
			runOnlyForDeploymentPostprocessing = 0;
			shellPath = /bin/sh;
			shellScript = "\"${PODS_ROOT}/Target Support Files/Pods-TSUDate/Pods-TSUDate-frameworks.sh\"\n";
			showEnvVarsInLog = 0;
		};
/* End PBXShellScriptBuildPhase section */

/* Begin PBXSourcesBuildPhase section */
		0F5244ED293413DA00B7A6DD /* Sources */ = {
			isa = PBXSourcesBuildPhase;
			buildActionMask = 2147483647;
			files = (
				0F5837A82936999400FD18B7 /* ChatManager.swift in Sources */,
				0F5245052934164400B7A6DD /* TabBarButtonView.swift in Sources */,
				0F90559C293C08CF00D17BAB /* MatchesView.swift in Sources */,
				0F4421CE2952127100E1DE49 /* CreateAccountView.swift in Sources */,
				0F5245102935382D00B7A6DD /* RoundedImage.swift in Sources */,
				0F90558D293BCBC800D17BAB /* MessageListVM.swift in Sources */,
				0F5837AA29369C3300FD18B7 /* ChatViewHeader.swift in Sources */,
				0F90559A293C07E600D17BAB /* TopPicksView.swift in Sources */,
				0F9055A4293CF7B500D17BAB /* PurchaseOptionView.swift in Sources */,
				0F90558B293BCB9A00D17BAB /* MessageListView.swift in Sources */,
				0F52450B29341EEC00B7A6DD /* Extensions.swift in Sources */,
				0F52450729341C0600B7A6DD /* AppStateManager.swift in Sources */,
				0F4421D0295214A300E1DE49 /* CustomTextField.swift in Sources */,
				0F4421D52952152200E1DE49 /* ImageUploadView.swift in Sources */,
				0F4421D72952155B00E1DE49 /* UploadImagesView.swift in Sources */,
				0F5837A62936992000FD18B7 /* ChatView.swift in Sources */,
				0F9055A1293CF51B00D17BAB /* PurchaseSwipePromo.swift in Sources */,
				0F4421DB29521F2300E1DE49 /* ImagePicker.swift in Sources */,
				0F905591293BF3AD00D17BAB /* UserManager.swift in Sources */,
				0F90559E293CC94100D17BAB /* PurchasePopup.swift in Sources */,
				0F905593293BF42A00D17BAB /* User.swift in Sources */,
				0F58379F29364C2E00FD18B7 /* Person.swift in Sources */,
				0F5837A329364D5B00FD18B7 /* MessageView.swift in Sources */,
				0F905598293BFA2300D17BAB /* PersonSquare.swift in Sources */,
				0F90558F293BD2EC00D17BAB /* MessageRowView.swift in Sources */,
				0F905595293BF5FB00D17BAB /* LikesView.swift in Sources */,
				0F9055AB293D53D300D17BAB /* CardImageScroller.swift in Sources */,
				0F4421DE295251FE00E1DE49 /* StorageManager.swift in Sources */,
				0F58379B293641FB00FD18B7 /* ProfileSwipePromo.swift in Sources */,
				0F9055B7293FD59C00D17BAB /* HomeView.swift in Sources */,
				0F4421D3295214E100E1DE49 /* PersonImage.swift in Sources */,
				0F9055B3293F5C5000D17BAB /* CircleButtonView.swift in Sources */,
				0F905589293A775B00D17BAB /* AdaptsToKeyboard.swift in Sources */,
				0F5244F7293413DA00B7A6DD /* ContentView.swift in Sources */,
				0F71AFBE294D23FD00C96A8A /* RegisterLogButton.swift in Sources */,
				0F9055B5293FD42700D17BAB /* CardStack.swift in Sources */,
				0F9055A6293CF80000D17BAB /* Subscription.swift in Sources */,
				0F52450929341CCD00B7A6DD /* MainView.swift in Sources */,
				0F9055A8293D2BDE00D17BAB /* RoundedCorner.swift in Sources */,
				0F71AFBC294D23CF00C96A8A /* EmailTextfieldView.swift in Sources */,
				0F58379D29364BAB00FD18B7 /* Message.swift in Sources */,
				0F9055B1293E217600D17BAB /* FullScreenCardView.swift in Sources */,
				0F52450E293536C400B7A6DD /* ProfileView.swift in Sources */,
				0F4421C02951187A00E1DE49 /* AuthViewModel.swift in Sources */,
				0F5244F5293413DA00B7A6DD /* TSUDateApp.swift in Sources */,
				0F9055AF293E12C000D17BAB /* CardView.swift in Sources */,
				0F71AFC4294D24A300C96A8A /* RegisterView.swift in Sources */,
				0F71AFC2294D248D00C96A8A /* LoginView.swift in Sources */,
				0F7AFC182954936D00F556DD /* FirestoreManager.swift in Sources */,
				0F5837A129364CAC00FD18B7 /* MessageThread.swift in Sources */,
			);
			runOnlyForDeploymentPostprocessing = 0;
		};
/* End PBXSourcesBuildPhase section */

/* Begin XCBuildConfiguration section */
		0F5244FD293413DD00B7A6DD /* Debug */ = {
			isa = XCBuildConfiguration;
			buildSettings = {
				ALWAYS_SEARCH_USER_PATHS = NO;
				CLANG_ANALYZER_NONNULL = YES;
				CLANG_ANALYZER_NUMBER_OBJECT_CONVERSION = YES_AGGRESSIVE;
				CLANG_CXX_LANGUAGE_STANDARD = "gnu++17";
				CLANG_ENABLE_MODULES = YES;
				CLANG_ENABLE_OBJC_ARC = YES;
				CLANG_ENABLE_OBJC_WEAK = YES;
				CLANG_WARN_BLOCK_CAPTURE_AUTORELEASING = YES;
				CLANG_WARN_BOOL_CONVERSION = YES;
				CLANG_WARN_COMMA = YES;
				CLANG_WARN_CONSTANT_CONVERSION = YES;
				CLANG_WARN_DEPRECATED_OBJC_IMPLEMENTATIONS = YES;
				CLANG_WARN_DIRECT_OBJC_ISA_USAGE = YES_ERROR;
				CLANG_WARN_DOCUMENTATION_COMMENTS = YES;
				CLANG_WARN_EMPTY_BODY = YES;
				CLANG_WARN_ENUM_CONVERSION = YES;
				CLANG_WARN_INFINITE_RECURSION = YES;
				CLANG_WARN_INT_CONVERSION = YES;
				CLANG_WARN_NON_LITERAL_NULL_CONVERSION = YES;
				CLANG_WARN_OBJC_IMPLICIT_RETAIN_SELF = YES;
				CLANG_WARN_OBJC_LITERAL_CONVERSION = YES;
				CLANG_WARN_OBJC_ROOT_CLASS = YES_ERROR;
				CLANG_WARN_QUOTED_INCLUDE_IN_FRAMEWORK_HEADER = YES;
				CLANG_WARN_RANGE_LOOP_ANALYSIS = YES;
				CLANG_WARN_STRICT_PROTOTYPES = YES;
				CLANG_WARN_SUSPICIOUS_MOVE = YES;
				CLANG_WARN_UNGUARDED_AVAILABILITY = YES_AGGRESSIVE;
				CLANG_WARN_UNREACHABLE_CODE = YES;
				CLANG_WARN__DUPLICATE_METHOD_MATCH = YES;
				COPY_PHASE_STRIP = NO;
				DEBUG_INFORMATION_FORMAT = dwarf;
				ENABLE_STRICT_OBJC_MSGSEND = YES;
				ENABLE_TESTABILITY = YES;
				GCC_C_LANGUAGE_STANDARD = gnu11;
				GCC_DYNAMIC_NO_PIC = NO;
				GCC_NO_COMMON_BLOCKS = YES;
				GCC_OPTIMIZATION_LEVEL = 0;
				GCC_PREPROCESSOR_DEFINITIONS = (
					"DEBUG=1",
					"$(inherited)",
				);
				GCC_WARN_64_TO_32_BIT_CONVERSION = YES;
				GCC_WARN_ABOUT_RETURN_TYPE = YES_ERROR;
				GCC_WARN_UNDECLARED_SELECTOR = YES;
				GCC_WARN_UNINITIALIZED_AUTOS = YES_AGGRESSIVE;
				GCC_WARN_UNUSED_FUNCTION = YES;
				GCC_WARN_UNUSED_VARIABLE = YES;
				IPHONEOS_DEPLOYMENT_TARGET = 16.0;
				MTL_ENABLE_DEBUG_INFO = INCLUDE_SOURCE;
				MTL_FAST_MATH = YES;
				ONLY_ACTIVE_ARCH = YES;
				SDKROOT = iphoneos;
				SWIFT_ACTIVE_COMPILATION_CONDITIONS = DEBUG;
				SWIFT_OPTIMIZATION_LEVEL = "-Onone";
			};
			name = Debug;
		};
		0F5244FE293413DD00B7A6DD /* Release */ = {
			isa = XCBuildConfiguration;
			buildSettings = {
				ALWAYS_SEARCH_USER_PATHS = NO;
				CLANG_ANALYZER_NONNULL = YES;
				CLANG_ANALYZER_NUMBER_OBJECT_CONVERSION = YES_AGGRESSIVE;
				CLANG_CXX_LANGUAGE_STANDARD = "gnu++17";
				CLANG_ENABLE_MODULES = YES;
				CLANG_ENABLE_OBJC_ARC = YES;
				CLANG_ENABLE_OBJC_WEAK = YES;
				CLANG_WARN_BLOCK_CAPTURE_AUTORELEASING = YES;
				CLANG_WARN_BOOL_CONVERSION = YES;
				CLANG_WARN_COMMA = YES;
				CLANG_WARN_CONSTANT_CONVERSION = YES;
				CLANG_WARN_DEPRECATED_OBJC_IMPLEMENTATIONS = YES;
				CLANG_WARN_DIRECT_OBJC_ISA_USAGE = YES_ERROR;
				CLANG_WARN_DOCUMENTATION_COMMENTS = YES;
				CLANG_WARN_EMPTY_BODY = YES;
				CLANG_WARN_ENUM_CONVERSION = YES;
				CLANG_WARN_INFINITE_RECURSION = YES;
				CLANG_WARN_INT_CONVERSION = YES;
				CLANG_WARN_NON_LITERAL_NULL_CONVERSION = YES;
				CLANG_WARN_OBJC_IMPLICIT_RETAIN_SELF = YES;
				CLANG_WARN_OBJC_LITERAL_CONVERSION = YES;
				CLANG_WARN_OBJC_ROOT_CLASS = YES_ERROR;
				CLANG_WARN_QUOTED_INCLUDE_IN_FRAMEWORK_HEADER = YES;
				CLANG_WARN_RANGE_LOOP_ANALYSIS = YES;
				CLANG_WARN_STRICT_PROTOTYPES = YES;
				CLANG_WARN_SUSPICIOUS_MOVE = YES;
				CLANG_WARN_UNGUARDED_AVAILABILITY = YES_AGGRESSIVE;
				CLANG_WARN_UNREACHABLE_CODE = YES;
				CLANG_WARN__DUPLICATE_METHOD_MATCH = YES;
				COPY_PHASE_STRIP = NO;
				DEBUG_INFORMATION_FORMAT = "dwarf-with-dsym";
				ENABLE_NS_ASSERTIONS = NO;
				ENABLE_STRICT_OBJC_MSGSEND = YES;
				GCC_C_LANGUAGE_STANDARD = gnu11;
				GCC_NO_COMMON_BLOCKS = YES;
				GCC_WARN_64_TO_32_BIT_CONVERSION = YES;
				GCC_WARN_ABOUT_RETURN_TYPE = YES_ERROR;
				GCC_WARN_UNDECLARED_SELECTOR = YES;
				GCC_WARN_UNINITIALIZED_AUTOS = YES_AGGRESSIVE;
				GCC_WARN_UNUSED_FUNCTION = YES;
				GCC_WARN_UNUSED_VARIABLE = YES;
				IPHONEOS_DEPLOYMENT_TARGET = 16.0;
				MTL_ENABLE_DEBUG_INFO = NO;
				MTL_FAST_MATH = YES;
				SDKROOT = iphoneos;
				SWIFT_COMPILATION_MODE = wholemodule;
				SWIFT_OPTIMIZATION_LEVEL = "-O";
				VALIDATE_PRODUCT = YES;
			};
			name = Release;
		};
		0F524500293413DD00B7A6DD /* Debug */ = {
			isa = XCBuildConfiguration;
			baseConfigurationReference = 7089597617CB1310C6D01512 /* Pods-TSUDate.debug.xcconfig */;
			buildSettings = {
				ASSETCATALOG_COMPILER_APPICON_NAME = AppIcon;
				ASSETCATALOG_COMPILER_GLOBAL_ACCENT_COLOR_NAME = AccentColor;
				CODE_SIGN_STYLE = Automatic;
				CURRENT_PROJECT_VERSION = 1;
				DEVELOPMENT_ASSET_PATHS = "\"TSUDate/Preview Content\"";
				DEVELOPMENT_TEAM = MK4UBWJ2G8;
				ENABLE_PREVIEWS = YES;
				GENERATE_INFOPLIST_FILE = YES;
				INFOPLIST_KEY_NSPhotoLibraryUsageDescription = "Please allow access to upload photos from your library.";
				INFOPLIST_KEY_UIApplicationSceneManifest_Generation = YES;
				INFOPLIST_KEY_UIApplicationSupportsIndirectInputEvents = YES;
				INFOPLIST_KEY_UILaunchScreen_Generation = YES;
				INFOPLIST_KEY_UISupportedInterfaceOrientations_iPad = "UIInterfaceOrientationPortrait UIInterfaceOrientationPortraitUpsideDown UIInterfaceOrientationLandscapeLeft UIInterfaceOrientationLandscapeRight";
				INFOPLIST_KEY_UISupportedInterfaceOrientations_iPhone = "UIInterfaceOrientationPortrait UIInterfaceOrientationLandscapeLeft UIInterfaceOrientationLandscapeRight";
				LD_RUNPATH_SEARCH_PATHS = (
					"$(inherited)",
					"@executable_path/Frameworks",
				);
				MARKETING_VERSION = 1.0;
				PRODUCT_BUNDLE_IDENTIFIER = com.giorgiSamkharadzer.TSUDate;
				PRODUCT_NAME = "$(TARGET_NAME)";
				SWIFT_EMIT_LOC_STRINGS = YES;
				SWIFT_VERSION = 5.0;
				TARGETED_DEVICE_FAMILY = "1,2";
			};
			name = Debug;
		};
		0F524501293413DD00B7A6DD /* Release */ = {
			isa = XCBuildConfiguration;
			baseConfigurationReference = 6FDC9FFE857C7A185761FDA4 /* Pods-TSUDate.release.xcconfig */;
			buildSettings = {
				ASSETCATALOG_COMPILER_APPICON_NAME = AppIcon;
				ASSETCATALOG_COMPILER_GLOBAL_ACCENT_COLOR_NAME = AccentColor;
				CODE_SIGN_STYLE = Automatic;
				CURRENT_PROJECT_VERSION = 1;
				DEVELOPMENT_ASSET_PATHS = "\"TSUDate/Preview Content\"";
				DEVELOPMENT_TEAM = MK4UBWJ2G8;
				ENABLE_PREVIEWS = YES;
				GENERATE_INFOPLIST_FILE = YES;
				INFOPLIST_KEY_NSPhotoLibraryUsageDescription = "Please allow access to upload photos from your library.";
				INFOPLIST_KEY_UIApplicationSceneManifest_Generation = YES;
				INFOPLIST_KEY_UIApplicationSupportsIndirectInputEvents = YES;
				INFOPLIST_KEY_UILaunchScreen_Generation = YES;
				INFOPLIST_KEY_UISupportedInterfaceOrientations_iPad = "UIInterfaceOrientationPortrait UIInterfaceOrientationPortraitUpsideDown UIInterfaceOrientationLandscapeLeft UIInterfaceOrientationLandscapeRight";
				INFOPLIST_KEY_UISupportedInterfaceOrientations_iPhone = "UIInterfaceOrientationPortrait UIInterfaceOrientationLandscapeLeft UIInterfaceOrientationLandscapeRight";
				LD_RUNPATH_SEARCH_PATHS = (
					"$(inherited)",
					"@executable_path/Frameworks",
				);
				MARKETING_VERSION = 1.0;
				PRODUCT_BUNDLE_IDENTIFIER = com.giorgiSamkharadzer.TSUDate;
				PRODUCT_NAME = "$(TARGET_NAME)";
				SWIFT_EMIT_LOC_STRINGS = YES;
				SWIFT_VERSION = 5.0;
				TARGETED_DEVICE_FAMILY = "1,2";
			};
			name = Release;
		};
/* End XCBuildConfiguration section */

/* Begin XCConfigurationList section */
		0F5244EC293413DA00B7A6DD /* Build configuration list for PBXProject "TSUDate" */ = {
			isa = XCConfigurationList;
			buildConfigurations = (
				0F5244FD293413DD00B7A6DD /* Debug */,
				0F5244FE293413DD00B7A6DD /* Release */,
			);
			defaultConfigurationIsVisible = 0;
			defaultConfigurationName = Release;
		};
		0F5244FF293413DD00B7A6DD /* Build configuration list for PBXNativeTarget "TSUDate" */ = {
			isa = XCConfigurationList;
			buildConfigurations = (
				0F524500293413DD00B7A6DD /* Debug */,
				0F524501293413DD00B7A6DD /* Release */,
			);
			defaultConfigurationIsVisible = 0;
			defaultConfigurationName = Release;
		};
/* End XCConfigurationList section */

/* Begin XCRemoteSwiftPackageReference section */
		0F5245112935394300B7A6DD /* XCRemoteSwiftPackageReference "Kingfisher" */ = {
			isa = XCRemoteSwiftPackageReference;
			repositoryURL = "https://github.com/onevcat/Kingfisher.git";
			requirement = {
				kind = upToNextMajorVersion;
				minimumVersion = 7.0.0;
			};
		};
/* End XCRemoteSwiftPackageReference section */

/* Begin XCSwiftPackageProductDependency section */
		0F5245122935394300B7A6DD /* Kingfisher */ = {
			isa = XCSwiftPackageProductDependency;
			package = 0F5245112935394300B7A6DD /* XCRemoteSwiftPackageReference "Kingfisher" */;
			productName = Kingfisher;
		};
/* End XCSwiftPackageProductDependency section */
	};
	rootObject = 0F5244E9293413DA00B7A6DD /* Project object */;
}
